// !$*UTF8*$!
{
	archiveVersion = 1;
	classes = {
	};
	objectVersion = 56;
	objects = {

/* Begin PBXBuildFile section */
		6D0208C12A7D789800CAC1EC /* SceneDelegate.swift in Sources */ = {isa = PBXBuildFile; fileRef = 6D0208C02A7D789800CAC1EC /* SceneDelegate.swift */; };
		6D0208C82A7D789A00CAC1EC /* Assets.xcassets in Resources */ = {isa = PBXBuildFile; fileRef = 6D0208C72A7D789A00CAC1EC /* Assets.xcassets */; };
		6D0208D62A7D789A00CAC1EC /* rocketLaunchesTests.swift in Sources */ = {isa = PBXBuildFile; fileRef = 6D0208D52A7D789A00CAC1EC /* rocketLaunchesTests.swift */; };
		6D0208E02A7D789A00CAC1EC /* rocketLaunchesUITests.swift in Sources */ = {isa = PBXBuildFile; fileRef = 6D0208DF2A7D789A00CAC1EC /* rocketLaunchesUITests.swift */; };
		6D0208E22A7D789A00CAC1EC /* rocketLaunchesUITestsLaunchTests.swift in Sources */ = {isa = PBXBuildFile; fileRef = 6D0208E12A7D789A00CAC1EC /* rocketLaunchesUITestsLaunchTests.swift */; };
		6D0208F02A7EA27600CAC1EC /* Launch.swift in Sources */ = {isa = PBXBuildFile; fileRef = 6D0208EF2A7EA27600CAC1EC /* Launch.swift */; };
		6D0208F42A7EBDBE00CAC1EC /* CardView.swift in Sources */ = {isa = PBXBuildFile; fileRef = 6D0208F32A7EBDBE00CAC1EC /* CardView.swift */; };
		6D8DC9332A7FE97500CDE37B /* LaunchesApiClient.swift in Sources */ = {isa = PBXBuildFile; fileRef = 6D8DC9322A7FE97500CDE37B /* LaunchesApiClient.swift */; };
		6DAE890F2A7EE8240060B4D5 /* LaunchesView.swift in Sources */ = {isa = PBXBuildFile; fileRef = 6DAE890E2A7EE8240060B4D5 /* LaunchesView.swift */; };
		6DAE89112A7EECC20060B4D5 /* RocketLaunchesViewController.swift in Sources */ = {isa = PBXBuildFile; fileRef = 6DAE89102A7EECC20060B4D5 /* RocketLaunchesViewController.swift */; };
		6DAE89132A7EF04D0060B4D5 /* AppDelegate.swift in Sources */ = {isa = PBXBuildFile; fileRef = 6DAE89122A7EF04D0060B4D5 /* AppDelegate.swift */; };
		6DAE89152A7EF4EE0060B4D5 /* Main.storyboard in Resources */ = {isa = PBXBuildFile; fileRef = 6DAE89142A7EF4ED0060B4D5 /* Main.storyboard */; };
/* End PBXBuildFile section */

/* Begin PBXContainerItemProxy section */
		6D0208D22A7D789A00CAC1EC /* PBXContainerItemProxy */ = {
			isa = PBXContainerItemProxy;
			containerPortal = 6D0208B32A7D789800CAC1EC /* Project object */;
			proxyType = 1;
			remoteGlobalIDString = 6D0208BA2A7D789800CAC1EC;
			remoteInfo = rocketLaunches;
		};
		6D0208DC2A7D789A00CAC1EC /* PBXContainerItemProxy */ = {
			isa = PBXContainerItemProxy;
			containerPortal = 6D0208B32A7D789800CAC1EC /* Project object */;
			proxyType = 1;
			remoteGlobalIDString = 6D0208BA2A7D789800CAC1EC;
			remoteInfo = rocketLaunches;
		};
/* End PBXContainerItemProxy section */

/* Begin PBXFileReference section */
		6D0208BB2A7D789800CAC1EC /* rocketLaunches.app */ = {isa = PBXFileReference; explicitFileType = wrapper.application; includeInIndex = 0; path = rocketLaunches.app; sourceTree = BUILT_PRODUCTS_DIR; };
		6D0208C02A7D789800CAC1EC /* SceneDelegate.swift */ = {isa = PBXFileReference; lastKnownFileType = sourcecode.swift; path = SceneDelegate.swift; sourceTree = "<group>"; };
		6D0208C72A7D789A00CAC1EC /* Assets.xcassets */ = {isa = PBXFileReference; lastKnownFileType = folder.assetcatalog; path = Assets.xcassets; sourceTree = "<group>"; };
		6D0208CC2A7D789A00CAC1EC /* Info.plist */ = {isa = PBXFileReference; lastKnownFileType = text.plist.xml; path = Info.plist; sourceTree = "<group>"; };
		6D0208D12A7D789A00CAC1EC /* rocketLaunchesTests.xctest */ = {isa = PBXFileReference; explicitFileType = wrapper.cfbundle; includeInIndex = 0; path = rocketLaunchesTests.xctest; sourceTree = BUILT_PRODUCTS_DIR; };
		6D0208D52A7D789A00CAC1EC /* rocketLaunchesTests.swift */ = {isa = PBXFileReference; lastKnownFileType = sourcecode.swift; path = rocketLaunchesTests.swift; sourceTree = "<group>"; };
		6D0208DB2A7D789A00CAC1EC /* rocketLaunchesUITests.xctest */ = {isa = PBXFileReference; explicitFileType = wrapper.cfbundle; includeInIndex = 0; path = rocketLaunchesUITests.xctest; sourceTree = BUILT_PRODUCTS_DIR; };
		6D0208DF2A7D789A00CAC1EC /* rocketLaunchesUITests.swift */ = {isa = PBXFileReference; lastKnownFileType = sourcecode.swift; path = rocketLaunchesUITests.swift; sourceTree = "<group>"; };
		6D0208E12A7D789A00CAC1EC /* rocketLaunchesUITestsLaunchTests.swift */ = {isa = PBXFileReference; lastKnownFileType = sourcecode.swift; path = rocketLaunchesUITestsLaunchTests.swift; sourceTree = "<group>"; };
		6D0208EF2A7EA27600CAC1EC /* Launch.swift */ = {isa = PBXFileReference; lastKnownFileType = sourcecode.swift; path = Launch.swift; sourceTree = "<group>"; };
		6D0208F32A7EBDBE00CAC1EC /* CardView.swift */ = {isa = PBXFileReference; lastKnownFileType = sourcecode.swift; path = CardView.swift; sourceTree = "<group>"; };
		6D8DC9322A7FE97500CDE37B /* LaunchesApiClient.swift */ = {isa = PBXFileReference; lastKnownFileType = sourcecode.swift; path = LaunchesApiClient.swift; sourceTree = "<group>"; };
		6DAE890E2A7EE8240060B4D5 /* LaunchesView.swift */ = {isa = PBXFileReference; lastKnownFileType = sourcecode.swift; path = LaunchesView.swift; sourceTree = "<group>"; };
		6DAE89102A7EECC20060B4D5 /* RocketLaunchesViewController.swift */ = {isa = PBXFileReference; lastKnownFileType = sourcecode.swift; path = RocketLaunchesViewController.swift; sourceTree = "<group>"; };
		6DAE89122A7EF04D0060B4D5 /* AppDelegate.swift */ = {isa = PBXFileReference; lastKnownFileType = sourcecode.swift; path = AppDelegate.swift; sourceTree = "<group>"; };
		6DAE89142A7EF4ED0060B4D5 /* Main.storyboard */ = {isa = PBXFileReference; lastKnownFileType = file.storyboard; path = Main.storyboard; sourceTree = "<group>"; };
/* End PBXFileReference section */

/* Begin PBXFrameworksBuildPhase section */
		6D0208B82A7D789800CAC1EC /* Frameworks */ = {
			isa = PBXFrameworksBuildPhase;
			buildActionMask = 2147483647;
			files = (
			);
			runOnlyForDeploymentPostprocessing = 0;
		};
		6D0208CE2A7D789A00CAC1EC /* Frameworks */ = {
			isa = PBXFrameworksBuildPhase;
			buildActionMask = 2147483647;
			files = (
			);
			runOnlyForDeploymentPostprocessing = 0;
		};
		6D0208D82A7D789A00CAC1EC /* Frameworks */ = {
			isa = PBXFrameworksBuildPhase;
			buildActionMask = 2147483647;
			files = (
			);
			runOnlyForDeploymentPostprocessing = 0;
		};
/* End PBXFrameworksBuildPhase section */

/* Begin PBXGroup section */
		6D0208B22A7D789800CAC1EC = {
			isa = PBXGroup;
			children = (
				6D0208BD2A7D789800CAC1EC /* rocketLaunches */,
				6D0208D42A7D789A00CAC1EC /* rocketLaunchesTests */,
				6D0208DE2A7D789A00CAC1EC /* rocketLaunchesUITests */,
				6D0208BC2A7D789800CAC1EC /* Products */,
			);
			sourceTree = "<group>";
		};
		6D0208BC2A7D789800CAC1EC /* Products */ = {
			isa = PBXGroup;
			children = (
				6D0208BB2A7D789800CAC1EC /* rocketLaunches.app */,
				6D0208D12A7D789A00CAC1EC /* rocketLaunchesTests.xctest */,
				6D0208DB2A7D789A00CAC1EC /* rocketLaunchesUITests.xctest */,
			);
			name = Products;
			sourceTree = "<group>";
		};
		6D0208BD2A7D789800CAC1EC /* rocketLaunches */ = {
			isa = PBXGroup;
			children = (
				6D8DC9352A80000800CDE37B /* Views */,
				6D8DC9342A7FFFEB00CDE37B /* ApiHandlers */,
				6D0208EE2A7EA23400CAC1EC /* Models */,
				6D0208C02A7D789800CAC1EC /* SceneDelegate.swift */,
				6D0208C72A7D789A00CAC1EC /* Assets.xcassets */,
				6D0208CC2A7D789A00CAC1EC /* Info.plist */,
				6DAE89102A7EECC20060B4D5 /* RocketLaunchesViewController.swift */,
				6DAE89122A7EF04D0060B4D5 /* AppDelegate.swift */,
				6DAE89142A7EF4ED0060B4D5 /* Main.storyboard */,
			);
			path = rocketLaunches;
			sourceTree = "<group>";
		};
		6D0208D42A7D789A00CAC1EC /* rocketLaunchesTests */ = {
			isa = PBXGroup;
			children = (
				6D0208D52A7D789A00CAC1EC /* rocketLaunchesTests.swift */,
			);
			path = rocketLaunchesTests;
			sourceTree = "<group>";
		};
		6D0208DE2A7D789A00CAC1EC /* rocketLaunchesUITests */ = {
			isa = PBXGroup;
			children = (
				6D0208DF2A7D789A00CAC1EC /* rocketLaunchesUITests.swift */,
				6D0208E12A7D789A00CAC1EC /* rocketLaunchesUITestsLaunchTests.swift */,
			);
			path = rocketLaunchesUITests;
			sourceTree = "<group>";
		};
		6D0208EE2A7EA23400CAC1EC /* Models */ = {
			isa = PBXGroup;
			children = (
				6D0208EF2A7EA27600CAC1EC /* Launch.swift */,
			);
			path = Models;
			sourceTree = "<group>";
		};
		6D8DC9342A7FFFEB00CDE37B /* ApiHandlers */ = {
			isa = PBXGroup;
			children = (
				6D8DC9322A7FE97500CDE37B /* LaunchesApiClient.swift */,
			);
			path = ApiHandlers;
			sourceTree = "<group>";
		};
		6D8DC9352A80000800CDE37B /* Views */ = {
			isa = PBXGroup;
			children = (
				6DAE890E2A7EE8240060B4D5 /* LaunchesView.swift */,
				6D0208F32A7EBDBE00CAC1EC /* CardView.swift */,
			);
			path = Views;
			sourceTree = "<group>";
		};
/* End PBXGroup section */

/* Begin PBXNativeTarget section */
		6D0208BA2A7D789800CAC1EC /* rocketLaunches */ = {
			isa = PBXNativeTarget;
			buildConfigurationList = 6D0208E52A7D789A00CAC1EC /* Build configuration list for PBXNativeTarget "rocketLaunches" */;
			buildPhases = (
				6D0208B72A7D789800CAC1EC /* Sources */,
				6D0208B82A7D789800CAC1EC /* Frameworks */,
				6D0208B92A7D789800CAC1EC /* Resources */,
			);
			buildRules = (
			);
			dependencies = (
			);
			name = rocketLaunches;
			productName = rocketLaunches;
			productReference = 6D0208BB2A7D789800CAC1EC /* rocketLaunches.app */;
			productType = "com.apple.product-type.application";
		};
		6D0208D02A7D789A00CAC1EC /* rocketLaunchesTests */ = {
			isa = PBXNativeTarget;
			buildConfigurationList = 6D0208E82A7D789A00CAC1EC /* Build configuration list for PBXNativeTarget "rocketLaunchesTests" */;
			buildPhases = (
				6D0208CD2A7D789A00CAC1EC /* Sources */,
				6D0208CE2A7D789A00CAC1EC /* Frameworks */,
				6D0208CF2A7D789A00CAC1EC /* Resources */,
			);
			buildRules = (
			);
			dependencies = (
				6D0208D32A7D789A00CAC1EC /* PBXTargetDependency */,
			);
			name = rocketLaunchesTests;
			productName = rocketLaunchesTests;
			productReference = 6D0208D12A7D789A00CAC1EC /* rocketLaunchesTests.xctest */;
			productType = "com.apple.product-type.bundle.unit-test";
		};
		6D0208DA2A7D789A00CAC1EC /* rocketLaunchesUITests */ = {
			isa = PBXNativeTarget;
			buildConfigurationList = 6D0208EB2A7D789A00CAC1EC /* Build configuration list for PBXNativeTarget "rocketLaunchesUITests" */;
			buildPhases = (
				6D0208D72A7D789A00CAC1EC /* Sources */,
				6D0208D82A7D789A00CAC1EC /* Frameworks */,
				6D0208D92A7D789A00CAC1EC /* Resources */,
			);
			buildRules = (
			);
			dependencies = (
				6D0208DD2A7D789A00CAC1EC /* PBXTargetDependency */,
			);
			name = rocketLaunchesUITests;
			productName = rocketLaunchesUITests;
			productReference = 6D0208DB2A7D789A00CAC1EC /* rocketLaunchesUITests.xctest */;
			productType = "com.apple.product-type.bundle.ui-testing";
		};
/* End PBXNativeTarget section */

/* Begin PBXProject section */
		6D0208B32A7D789800CAC1EC /* Project object */ = {
			isa = PBXProject;
			attributes = {
				BuildIndependentTargetsInParallel = 1;
				LastSwiftUpdateCheck = 1430;
				LastUpgradeCheck = 1430;
				TargetAttributes = {
					6D0208BA2A7D789800CAC1EC = {
						CreatedOnToolsVersion = 14.3.1;
					};
					6D0208D02A7D789A00CAC1EC = {
						CreatedOnToolsVersion = 14.3.1;
						TestTargetID = 6D0208BA2A7D789800CAC1EC;
					};
					6D0208DA2A7D789A00CAC1EC = {
						CreatedOnToolsVersion = 14.3.1;
						TestTargetID = 6D0208BA2A7D789800CAC1EC;
					};
				};
			};
			buildConfigurationList = 6D0208B62A7D789800CAC1EC /* Build configuration list for PBXProject "rocketLaunches" */;
			compatibilityVersion = "Xcode 14.0";
			developmentRegion = en;
			hasScannedForEncodings = 0;
			knownRegions = (
				en,
				Base,
			);
			mainGroup = 6D0208B22A7D789800CAC1EC;
			productRefGroup = 6D0208BC2A7D789800CAC1EC /* Products */;
			projectDirPath = "";
			projectRoot = "";
			targets = (
				6D0208BA2A7D789800CAC1EC /* rocketLaunches */,
				6D0208D02A7D789A00CAC1EC /* rocketLaunchesTests */,
				6D0208DA2A7D789A00CAC1EC /* rocketLaunchesUITests */,
			);
		};
/* End PBXProject section */

/* Begin PBXResourcesBuildPhase section */
		6D0208B92A7D789800CAC1EC /* Resources */ = {
			isa = PBXResourcesBuildPhase;
			buildActionMask = 2147483647;
			files = (
				6D0208C82A7D789A00CAC1EC /* Assets.xcassets in Resources */,
				6DAE89152A7EF4EE0060B4D5 /* Main.storyboard in Resources */,
			);
			runOnlyForDeploymentPostprocessing = 0;
		};
		6D0208CF2A7D789A00CAC1EC /* Resources */ = {
			isa = PBXResourcesBuildPhase;
			buildActionMask = 2147483647;
			files = (
			);
			runOnlyForDeploymentPostprocessing = 0;
		};
		6D0208D92A7D789A00CAC1EC /* Resources */ = {
			isa = PBXResourcesBuildPhase;
			buildActionMask = 2147483647;
			files = (
			);
			runOnlyForDeploymentPostprocessing = 0;
		};
/* End PBXResourcesBuildPhase section */

/* Begin PBXSourcesBuildPhase section */
		6D0208B72A7D789800CAC1EC /* Sources */ = {
			isa = PBXSourcesBuildPhase;
			buildActionMask = 2147483647;
			files = (
				6DAE890F2A7EE8240060B4D5 /* LaunchesView.swift in Sources */,
				6D0208F02A7EA27600CAC1EC /* Launch.swift in Sources */,
				6D8DC9332A7FE97500CDE37B /* LaunchesApiClient.swift in Sources */,
				6D0208F42A7EBDBE00CAC1EC /* CardView.swift in Sources */,
				6DAE89132A7EF04D0060B4D5 /* AppDelegate.swift in Sources */,
				6DAE89112A7EECC20060B4D5 /* RocketLaunchesViewController.swift in Sources */,
				6D0208C12A7D789800CAC1EC /* SceneDelegate.swift in Sources */,
			);
			runOnlyForDeploymentPostprocessing = 0;
		};
		6D0208CD2A7D789A00CAC1EC /* Sources */ = {
			isa = PBXSourcesBuildPhase;
			buildActionMask = 2147483647;
			files = (
				6D0208D62A7D789A00CAC1EC /* rocketLaunchesTests.swift in Sources */,
			);
			runOnlyForDeploymentPostprocessing = 0;
		};
		6D0208D72A7D789A00CAC1EC /* Sources */ = {
			isa = PBXSourcesBuildPhase;
			buildActionMask = 2147483647;
			files = (
				6D0208E02A7D789A00CAC1EC /* rocketLaunchesUITests.swift in Sources */,
				6D0208E22A7D789A00CAC1EC /* rocketLaunchesUITestsLaunchTests.swift in Sources */,
			);
			runOnlyForDeploymentPostprocessing = 0;
		};
/* End PBXSourcesBuildPhase section */

/* Begin PBXTargetDependency section */
		6D0208D32A7D789A00CAC1EC /* PBXTargetDependency */ = {
			isa = PBXTargetDependency;
			target = 6D0208BA2A7D789800CAC1EC /* rocketLaunches */;
			targetProxy = 6D0208D22A7D789A00CAC1EC /* PBXContainerItemProxy */;
		};
		6D0208DD2A7D789A00CAC1EC /* PBXTargetDependency */ = {
			isa = PBXTargetDependency;
			target = 6D0208BA2A7D789800CAC1EC /* rocketLaunches */;
			targetProxy = 6D0208DC2A7D789A00CAC1EC /* PBXContainerItemProxy */;
		};
/* End PBXTargetDependency section */

/* Begin XCBuildConfiguration section */
		6D0208E32A7D789A00CAC1EC /* Debug */ = {
			isa = XCBuildConfiguration;
			buildSettings = {
				ALWAYS_SEARCH_USER_PATHS = NO;
				CLANG_ANALYZER_NONNULL = YES;
				CLANG_ANALYZER_NUMBER_OBJECT_CONVERSION = YES_AGGRESSIVE;
				CLANG_CXX_LANGUAGE_STANDARD = "gnu++20";
				CLANG_ENABLE_MODULES = YES;
				CLANG_ENABLE_OBJC_ARC = YES;
				CLANG_ENABLE_OBJC_WEAK = YES;
				CLANG_WARN_BLOCK_CAPTURE_AUTORELEASING = YES;
				CLANG_WARN_BOOL_CONVERSION = YES;
				CLANG_WARN_COMMA = YES;
				CLANG_WARN_CONSTANT_CONVERSION = YES;
				CLANG_WARN_DEPRECATED_OBJC_IMPLEMENTATIONS = YES;
				CLANG_WARN_DIRECT_OBJC_ISA_USAGE = YES_ERROR;
				CLANG_WARN_DOCUMENTATION_COMMENTS = YES;
				CLANG_WARN_EMPTY_BODY = YES;
				CLANG_WARN_ENUM_CONVERSION = YES;
				CLANG_WARN_INFINITE_RECURSION = YES;
				CLANG_WARN_INT_CONVERSION = YES;
				CLANG_WARN_NON_LITERAL_NULL_CONVERSION = YES;
				CLANG_WARN_OBJC_IMPLICIT_RETAIN_SELF = YES;
				CLANG_WARN_OBJC_LITERAL_CONVERSION = YES;
				CLANG_WARN_OBJC_ROOT_CLASS = YES_ERROR;
				CLANG_WARN_QUOTED_INCLUDE_IN_FRAMEWORK_HEADER = YES;
				CLANG_WARN_RANGE_LOOP_ANALYSIS = YES;
				CLANG_WARN_STRICT_PROTOTYPES = YES;
				CLANG_WARN_SUSPICIOUS_MOVE = YES;
				CLANG_WARN_UNGUARDED_AVAILABILITY = YES_AGGRESSIVE;
				CLANG_WARN_UNREACHABLE_CODE = YES;
				CLANG_WARN__DUPLICATE_METHOD_MATCH = YES;
				COPY_PHASE_STRIP = NO;
				DEBUG_INFORMATION_FORMAT = dwarf;
				ENABLE_STRICT_OBJC_MSGSEND = YES;
				ENABLE_TESTABILITY = YES;
				GCC_C_LANGUAGE_STANDARD = gnu11;
				GCC_DYNAMIC_NO_PIC = NO;
				GCC_NO_COMMON_BLOCKS = YES;
				GCC_OPTIMIZATION_LEVEL = 0;
				GCC_PREPROCESSOR_DEFINITIONS = (
					"DEBUG=1",
					"$(inherited)",
				);
				GCC_WARN_64_TO_32_BIT_CONVERSION = YES;
				GCC_WARN_ABOUT_RETURN_TYPE = YES_ERROR;
				GCC_WARN_UNDECLARED_SELECTOR = YES;
				GCC_WARN_UNINITIALIZED_AUTOS = YES_AGGRESSIVE;
				GCC_WARN_UNUSED_FUNCTION = YES;
				GCC_WARN_UNUSED_VARIABLE = YES;
				IPHONEOS_DEPLOYMENT_TARGET = 16.4;
				MTL_ENABLE_DEBUG_INFO = INCLUDE_SOURCE;
				MTL_FAST_MATH = YES;
				ONLY_ACTIVE_ARCH = YES;
				SDKROOT = iphoneos;
				SWIFT_ACTIVE_COMPILATION_CONDITIONS = DEBUG;
				SWIFT_OPTIMIZATION_LEVEL = "-Onone";
			};
			name = Debug;
		};
		6D0208E42A7D789A00CAC1EC /* Release */ = {
			isa = XCBuildConfiguration;
			buildSettings = {
				ALWAYS_SEARCH_USER_PATHS = NO;
				CLANG_ANALYZER_NONNULL = YES;
				CLANG_ANALYZER_NUMBER_OBJECT_CONVERSION = YES_AGGRESSIVE;
				CLANG_CXX_LANGUAGE_STANDARD = "gnu++20";
				CLANG_ENABLE_MODULES = YES;
				CLANG_ENABLE_OBJC_ARC = YES;
				CLANG_ENABLE_OBJC_WEAK = YES;
				CLANG_WARN_BLOCK_CAPTURE_AUTORELEASING = YES;
				CLANG_WARN_BOOL_CONVERSION = YES;
				CLANG_WARN_COMMA = YES;
				CLANG_WARN_CONSTANT_CONVERSION = YES;
				CLANG_WARN_DEPRECATED_OBJC_IMPLEMENTATIONS = YES;
				CLANG_WARN_DIRECT_OBJC_ISA_USAGE = YES_ERROR;
				CLANG_WARN_DOCUMENTATION_COMMENTS = YES;
				CLANG_WARN_EMPTY_BODY = YES;
				CLANG_WARN_ENUM_CONVERSION = YES;
				CLANG_WARN_INFINITE_RECURSION = YES;
				CLANG_WARN_INT_CONVERSION = YES;
				CLANG_WARN_NON_LITERAL_NULL_CONVERSION = YES;
				CLANG_WARN_OBJC_IMPLICIT_RETAIN_SELF = YES;
				CLANG_WARN_OBJC_LITERAL_CONVERSION = YES;
				CLANG_WARN_OBJC_ROOT_CLASS = YES_ERROR;
				CLANG_WARN_QUOTED_INCLUDE_IN_FRAMEWORK_HEADER = YES;
				CLANG_WARN_RANGE_LOOP_ANALYSIS = YES;
				CLANG_WARN_STRICT_PROTOTYPES = YES;
				CLANG_WARN_SUSPICIOUS_MOVE = YES;
				CLANG_WARN_UNGUARDED_AVAILABILITY = YES_AGGRESSIVE;
				CLANG_WARN_UNREACHABLE_CODE = YES;
				CLANG_WARN__DUPLICATE_METHOD_MATCH = YES;
				COPY_PHASE_STRIP = NO;
				DEBUG_INFORMATION_FORMAT = "dwarf-with-dsym";
				ENABLE_NS_ASSERTIONS = NO;
				ENABLE_STRICT_OBJC_MSGSEND = YES;
				GCC_C_LANGUAGE_STANDARD = gnu11;
				GCC_NO_COMMON_BLOCKS = YES;
				GCC_WARN_64_TO_32_BIT_CONVERSION = YES;
				GCC_WARN_ABOUT_RETURN_TYPE = YES_ERROR;
				GCC_WARN_UNDECLARED_SELECTOR = YES;
				GCC_WARN_UNINITIALIZED_AUTOS = YES_AGGRESSIVE;
				GCC_WARN_UNUSED_FUNCTION = YES;
				GCC_WARN_UNUSED_VARIABLE = YES;
				IPHONEOS_DEPLOYMENT_TARGET = 16.4;
				MTL_ENABLE_DEBUG_INFO = NO;
				MTL_FAST_MATH = YES;
				SDKROOT = iphoneos;
				SWIFT_COMPILATION_MODE = wholemodule;
				SWIFT_OPTIMIZATION_LEVEL = "-O";
				VALIDATE_PRODUCT = YES;
			};
			name = Release;
		};
		6D0208E62A7D789A00CAC1EC /* Debug */ = {
			isa = XCBuildConfiguration;
			buildSettings = {
				ASSETCATALOG_COMPILER_APPICON_NAME = AppIcon;
				ASSETCATALOG_COMPILER_GLOBAL_ACCENT_COLOR_NAME = AccentColor;
				CODE_SIGN_STYLE = Automatic;
				CURRENT_PROJECT_VERSION = 1;
				GENERATE_INFOPLIST_FILE = YES;
				INFOPLIST_FILE = rocketLaunches/Info.plist;
				INFOPLIST_KEY_CFBundleDisplayName = "Rocket Launches";
				INFOPLIST_KEY_UIApplicationSupportsIndirectInputEvents = YES;
				INFOPLIST_KEY_UILaunchStoryboardName = LaunchScreen;
				INFOPLIST_KEY_UIMainStoryboardFile = Main;
				INFOPLIST_KEY_UISupportedInterfaceOrientations_iPad = "UIInterfaceOrientationPortrait UIInterfaceOrientationPortraitUpsideDown UIInterfaceOrientationLandscapeLeft UIInterfaceOrientationLandscapeRight";
				INFOPLIST_KEY_UISupportedInterfaceOrientations_iPhone = "UIInterfaceOrientationPortrait UIInterfaceOrientationLandscapeLeft UIInterfaceOrientationLandscapeRight";
				LD_RUNPATH_SEARCH_PATHS = (
					"$(inherited)",
					"@executable_path/Frameworks",
				);
				MARKETING_VERSION = 1.0;
				PRODUCT_BUNDLE_IDENTIFIER = beyza.rocketLaunches;
				PRODUCT_NAME = "$(TARGET_NAME)";
				SWIFT_EMIT_LOC_STRINGS = YES;
				SWIFT_VERSION = 5.0;
				TARGETED_DEVICE_FAMILY = "1,2";
			};
			name = Debug;
		};
		6D0208E72A7D789A00CAC1EC /* Release */ = {
			isa = XCBuildConfiguration;
			buildSettings = {
				ASSETCATALOG_COMPILER_APPICON_NAME = AppIcon;
				ASSETCATALOG_COMPILER_GLOBAL_ACCENT_COLOR_NAME = AccentColor;
				CODE_SIGN_STYLE = Automatic;
				CURRENT_PROJECT_VERSION = 1;
				GENERATE_INFOPLIST_FILE = YES;
				INFOPLIST_FILE = rocketLaunches/Info.plist;
				INFOPLIST_KEY_CFBundleDisplayName = "Rocket Launches";
				INFOPLIST_KEY_UIApplicationSupportsIndirectInputEvents = YES;
				INFOPLIST_KEY_UILaunchStoryboardName = LaunchScreen;
				INFOPLIST_KEY_UIMainStoryboardFile = Main;
				INFOPLIST_KEY_UISupportedInterfaceOrientations_iPad = "UIInterfaceOrientationPortrait UIInterfaceOrientationPortraitUpsideDown UIInterfaceOrientationLandscapeLeft UIInterfaceOrientationLandscapeRight";
				INFOPLIST_KEY_UISupportedInterfaceOrientations_iPhone = "UIInterfaceOrientationPortrait UIInterfaceOrientationLandscapeLeft UIInterfaceOrientationLandscapeRight";
				LD_RUNPATH_SEARCH_PATHS = (
					"$(inherited)",
					"@executable_path/Frameworks",
				);
				MARKETING_VERSION = 1.0;
				PRODUCT_BUNDLE_IDENTIFIER = beyza.rocketLaunches;
				PRODUCT_NAME = "$(TARGET_NAME)";
				SWIFT_EMIT_LOC_STRINGS = YES;
				SWIFT_VERSION = 5.0;
				TARGETED_DEVICE_FAMILY = "1,2";
			};
			name = Release;
		};
		6D0208E92A7D789A00CAC1EC /* Debug */ = {
			isa = XCBuildConfiguration;
			buildSettings = {
				ALWAYS_EMBED_SWIFT_STANDARD_LIBRARIES = YES;
				BUNDLE_LOADER = "$(TEST_HOST)";
				CODE_SIGN_STYLE = Automatic;
				CURRENT_PROJECT_VERSION = 1;
				GENERATE_INFOPLIST_FILE = YES;
				IPHONEOS_DEPLOYMENT_TARGET = 16.4;
				MARKETING_VERSION = 1.0;
				PRODUCT_BUNDLE_IDENTIFIER = beyza.rocketLaunchesTests;
				PRODUCT_NAME = "$(TARGET_NAME)";
				SWIFT_EMIT_LOC_STRINGS = NO;
				SWIFT_VERSION = 5.0;
				TARGETED_DEVICE_FAMILY = "1,2";
				TEST_HOST = "$(BUILT_PRODUCTS_DIR)/rocketLaunches.app/$(BUNDLE_EXECUTABLE_FOLDER_PATH)/rocketLaunches";
			};
			name = Debug;
		};
		6D0208EA2A7D789A00CAC1EC /* Release */ = {
			isa = XCBuildConfiguration;
			buildSettings = {
				ALWAYS_EMBED_SWIFT_STANDARD_LIBRARIES = YES;
				BUNDLE_LOADER = "$(TEST_HOST)";
				CODE_SIGN_STYLE = Automatic;
				CURRENT_PROJECT_VERSION = 1;
				GENERATE_INFOPLIST_FILE = YES;
				IPHONEOS_DEPLOYMENT_TARGET = 16.4;
				MARKETING_VERSION = 1.0;
				PRODUCT_BUNDLE_IDENTIFIER = beyza.rocketLaunchesTests;
				PRODUCT_NAME = "$(TARGET_NAME)";
				SWIFT_EMIT_LOC_STRINGS = NO;
				SWIFT_VERSION = 5.0;
				TARGETED_DEVICE_FAMILY = "1,2";
				TEST_HOST = "$(BUILT_PRODUCTS_DIR)/rocketLaunches.app/$(BUNDLE_EXECUTABLE_FOLDER_PATH)/rocketLaunches";
			};
			name = Release;
		};
		6D0208EC2A7D789A00CAC1EC /* Debug */ = {
			isa = XCBuildConfiguration;
			buildSettings = {
				ALWAYS_EMBED_SWIFT_STANDARD_LIBRARIES = YES;
				CODE_SIGN_STYLE = Automatic;
				CURRENT_PROJECT_VERSION = 1;
				GENERATE_INFOPLIST_FILE = YES;
				MARKETING_VERSION = 1.0;
				PRODUCT_BUNDLE_IDENTIFIER = beyza.rocketLaunchesUITests;
				PRODUCT_NAME = "$(TARGET_NAME)";
				SWIFT_EMIT_LOC_STRINGS = NO;
				SWIFT_VERSION = 5.0;
				TARGETED_DEVICE_FAMILY = "1,2";
				TEST_TARGET_NAME = rocketLaunches;
			};
			name = Debug;
		};
		6D0208ED2A7D789A00CAC1EC /* Release */ = {
			isa = XCBuildConfiguration;
			buildSettings = {
				ALWAYS_EMBED_SWIFT_STANDARD_LIBRARIES = YES;
				CODE_SIGN_STYLE = Automatic;
				CURRENT_PROJECT_VERSION = 1;
				GENERATE_INFOPLIST_FILE = YES;
				MARKETING_VERSION = 1.0;
				PRODUCT_BUNDLE_IDENTIFIER = beyza.rocketLaunchesUITests;
				PRODUCT_NAME = "$(TARGET_NAME)";
				SWIFT_EMIT_LOC_STRINGS = NO;
				SWIFT_VERSION = 5.0;
				TARGETED_DEVICE_FAMILY = "1,2";
				TEST_TARGET_NAME = rocketLaunches;
			};
			name = Release;
		};
/* End XCBuildConfiguration section */

/* Begin XCConfigurationList section */
		6D0208B62A7D789800CAC1EC /* Build configuration list for PBXProject "rocketLaunches" */ = {
			isa = XCConfigurationList;
			buildConfigurations = (
				6D0208E32A7D789A00CAC1EC /* Debug */,
				6D0208E42A7D789A00CAC1EC /* Release */,
			);
			defaultConfigurationIsVisible = 0;
			defaultConfigurationName = Release;
		};
		6D0208E52A7D789A00CAC1EC /* Build configuration list for PBXNativeTarget "rocketLaunches" */ = {
			isa = XCConfigurationList;
			buildConfigurations = (
				6D0208E62A7D789A00CAC1EC /* Debug */,
				6D0208E72A7D789A00CAC1EC /* Release */,
			);
			defaultConfigurationIsVisible = 0;
			defaultConfigurationName = Release;
		};
		6D0208E82A7D789A00CAC1EC /* Build configuration list for PBXNativeTarget "rocketLaunchesTests" */ = {
			isa = XCConfigurationList;
			buildConfigurations = (
				6D0208E92A7D789A00CAC1EC /* Debug */,
				6D0208EA2A7D789A00CAC1EC /* Release */,
			);
			defaultConfigurationIsVisible = 0;
			defaultConfigurationName = Release;
		};
		6D0208EB2A7D789A00CAC1EC /* Build configuration list for PBXNativeTarget "rocketLaunchesUITests" */ = {
			isa = XCConfigurationList;
			buildConfigurations = (
				6D0208EC2A7D789A00CAC1EC /* Debug */,
				6D0208ED2A7D789A00CAC1EC /* Release */,
			);
			defaultConfigurationIsVisible = 0;
			defaultConfigurationName = Release;
		};
/* End XCConfigurationList section */
	};
	rootObject = 6D0208B32A7D789800CAC1EC /* Project object */;
}
